// !$*UTF8*$!
{
	archiveVersion = 1;
	classes = {
	};
	objectVersion = 55;
	objects = {

/* Begin PBXBuildFile section */
		EA256362287A852900DBF4B8 /* Standford_Card_GameApp.swift in Sources */ = {isa = PBXBuildFile; fileRef = EA256361287A852900DBF4B8 /* Standford_Card_GameApp.swift */; };
		EA256364287A852900DBF4B8 /* ContentView.swift in Sources */ = {isa = PBXBuildFile; fileRef = EA256363287A852900DBF4B8 /* ContentView.swift */; };
		EA256366287A852A00DBF4B8 /* Assets.xcassets in Resources */ = {isa = PBXBuildFile; fileRef = EA256365287A852A00DBF4B8 /* Assets.xcassets */; };
		EA256369287A852A00DBF4B8 /* Preview Assets.xcassets in Resources */ = {isa = PBXBuildFile; fileRef = EA256368287A852A00DBF4B8 /* Preview Assets.xcassets */; };
		EA256373287A852A00DBF4B8 /* Standford_Card_GameTests.swift in Sources */ = {isa = PBXBuildFile; fileRef = EA256372287A852A00DBF4B8 /* Standford_Card_GameTests.swift */; };
		EA25637D287A852A00DBF4B8 /* Standford_Card_GameUITests.swift in Sources */ = {isa = PBXBuildFile; fileRef = EA25637C287A852A00DBF4B8 /* Standford_Card_GameUITests.swift */; };
		EA25637F287A852A00DBF4B8 /* Standford_Card_GameUITestsLaunchTests.swift in Sources */ = {isa = PBXBuildFile; fileRef = EA25637E287A852A00DBF4B8 /* Standford_Card_GameUITestsLaunchTests.swift */; };
		EA30BB45287C52DD00F9A5BF /* MemoryGame.swift in Sources */ = {isa = PBXBuildFile; fileRef = EA30BB44287C52DD00F9A5BF /* MemoryGame.swift */; };
		EA30BB47287C540800F9A5BF /* EmojiMemoryGame.swift in Sources */ = {isa = PBXBuildFile; fileRef = EA30BB46287C540800F9A5BF /* EmojiMemoryGame.swift */; };
/* End PBXBuildFile section */

/* Begin PBXContainerItemProxy section */
		EA25636F287A852A00DBF4B8 /* PBXContainerItemProxy */ = {
			isa = PBXContainerItemProxy;
			containerPortal = EA256356287A852900DBF4B8 /* Project object */;
			proxyType = 1;
			remoteGlobalIDString = EA25635D287A852900DBF4B8;
			remoteInfo = "Standford Card Game";
		};
		EA256379287A852A00DBF4B8 /* PBXContainerItemProxy */ = {
			isa = PBXContainerItemProxy;
			containerPortal = EA256356287A852900DBF4B8 /* Project object */;
			proxyType = 1;
			remoteGlobalIDString = EA25635D287A852900DBF4B8;
			remoteInfo = "Standford Card Game";
		};
/* End PBXContainerItemProxy section */

/* Begin PBXFileReference section */
		EA25635E287A852900DBF4B8 /* Standford Card Game.app */ = {isa = PBXFileReference; explicitFileType = wrapper.application; includeInIndex = 0; path = "Standford Card Game.app"; sourceTree = BUILT_PRODUCTS_DIR; };
		EA256361287A852900DBF4B8 /* Standford_Card_GameApp.swift */ = {isa = PBXFileReference; lastKnownFileType = sourcecode.swift; path = Standford_Card_GameApp.swift; sourceTree = "<group>"; };
		EA256363287A852900DBF4B8 /* ContentView.swift */ = {isa = PBXFileReference; lastKnownFileType = sourcecode.swift; path = ContentView.swift; sourceTree = "<group>"; };
		EA256365287A852A00DBF4B8 /* Assets.xcassets */ = {isa = PBXFileReference; lastKnownFileType = folder.assetcatalog; path = Assets.xcassets; sourceTree = "<group>"; };
		EA256368287A852A00DBF4B8 /* Preview Assets.xcassets */ = {isa = PBXFileReference; lastKnownFileType = folder.assetcatalog; path = "Preview Assets.xcassets"; sourceTree = "<group>"; };
		EA25636E287A852A00DBF4B8 /* Standford Card GameTests.xctest */ = {isa = PBXFileReference; explicitFileType = wrapper.cfbundle; includeInIndex = 0; path = "Standford Card GameTests.xctest"; sourceTree = BUILT_PRODUCTS_DIR; };
		EA256372287A852A00DBF4B8 /* Standford_Card_GameTests.swift */ = {isa = PBXFileReference; lastKnownFileType = sourcecode.swift; path = Standford_Card_GameTests.swift; sourceTree = "<group>"; };
		EA256378287A852A00DBF4B8 /* Standford Card GameUITests.xctest */ = {isa = PBXFileReference; explicitFileType = wrapper.cfbundle; includeInIndex = 0; path = "Standford Card GameUITests.xctest"; sourceTree = BUILT_PRODUCTS_DIR; };
		EA25637C287A852A00DBF4B8 /* Standford_Card_GameUITests.swift */ = {isa = PBXFileReference; lastKnownFileType = sourcecode.swift; path = Standford_Card_GameUITests.swift; sourceTree = "<group>"; };
		EA25637E287A852A00DBF4B8 /* Standford_Card_GameUITestsLaunchTests.swift */ = {isa = PBXFileReference; lastKnownFileType = sourcecode.swift; path = Standford_Card_GameUITestsLaunchTests.swift; sourceTree = "<group>"; };
		EA30BB44287C52DD00F9A5BF /* MemoryGame.swift */ = {isa = PBXFileReference; lastKnownFileType = sourcecode.swift; path = MemoryGame.swift; sourceTree = "<group>"; };
		EA30BB46287C540800F9A5BF /* EmojiMemoryGame.swift */ = {isa = PBXFileReference; lastKnownFileType = sourcecode.swift; path = EmojiMemoryGame.swift; sourceTree = "<group>"; };
/* End PBXFileReference section */

/* Begin PBXFrameworksBuildPhase section */
		EA25635B287A852900DBF4B8 /* Frameworks */ = {
			isa = PBXFrameworksBuildPhase;
			buildActionMask = 2147483647;
			files = (
			);
			runOnlyForDeploymentPostprocessing = 0;
		};
		EA25636B287A852A00DBF4B8 /* Frameworks */ = {
			isa = PBXFrameworksBuildPhase;
			buildActionMask = 2147483647;
			files = (
			);
			runOnlyForDeploymentPostprocessing = 0;
		};
		EA256375287A852A00DBF4B8 /* Frameworks */ = {
			isa = PBXFrameworksBuildPhase;
			buildActionMask = 2147483647;
			files = (
			);
			runOnlyForDeploymentPostprocessing = 0;
		};
/* End PBXFrameworksBuildPhase section */

/* Begin PBXGroup section */
		EA256355287A852900DBF4B8 = {
			isa = PBXGroup;
			children = (
				EA256360287A852900DBF4B8 /* Standford Card Game */,
				EA256371287A852A00DBF4B8 /* Standford Card GameTests */,
				EA25637B287A852A00DBF4B8 /* Standford Card GameUITests */,
				EA25635F287A852900DBF4B8 /* Products */,
			);
			sourceTree = "<group>";
		};
		EA25635F287A852900DBF4B8 /* Products */ = {
			isa = PBXGroup;
			children = (
				EA25635E287A852900DBF4B8 /* Standford Card Game.app */,
				EA25636E287A852A00DBF4B8 /* Standford Card GameTests.xctest */,
				EA256378287A852A00DBF4B8 /* Standford Card GameUITests.xctest */,
			);
			name = Products;
			sourceTree = "<group>";
		};
		EA256360287A852900DBF4B8 /* Standford Card Game */ = {
			isa = PBXGroup;
			children = (
				EA256361287A852900DBF4B8 /* Standford_Card_GameApp.swift */,
				EA256363287A852900DBF4B8 /* ContentView.swift */,
				EA30BB44287C52DD00F9A5BF /* MemoryGame.swift */,
				EA30BB46287C540800F9A5BF /* EmojiMemoryGame.swift */,
				EA256365287A852A00DBF4B8 /* Assets.xcassets */,
				EA256367287A852A00DBF4B8 /* Preview Content */,
			);
			path = "Standford Card Game";
			sourceTree = "<group>";
		};
		EA256367287A852A00DBF4B8 /* Preview Content */ = {
			isa = PBXGroup;
			children = (
				EA256368287A852A00DBF4B8 /* Preview Assets.xcassets */,
			);
			path = "Preview Content";
			sourceTree = "<group>";
		};
		EA256371287A852A00DBF4B8 /* Standford Card GameTests */ = {
			isa = PBXGroup;
			children = (
				EA256372287A852A00DBF4B8 /* Standford_Card_GameTests.swift */,
			);
			path = "Standford Card GameTests";
			sourceTree = "<group>";
		};
		EA25637B287A852A00DBF4B8 /* Standford Card GameUITests */ = {
			isa = PBXGroup;
			children = (
				EA25637C287A852A00DBF4B8 /* Standford_Card_GameUITests.swift */,
				EA25637E287A852A00DBF4B8 /* Standford_Card_GameUITestsLaunchTests.swift */,
			);
			path = "Standford Card GameUITests";
			sourceTree = "<group>";
		};
/* End PBXGroup section */

/* Begin PBXNativeTarget section */
		EA25635D287A852900DBF4B8 /* Standford Card Game */ = {
			isa = PBXNativeTarget;
			buildConfigurationList = EA256382287A852A00DBF4B8 /* Build configuration list for PBXNativeTarget "Standford Card Game" */;
			buildPhases = (
				EA25635A287A852900DBF4B8 /* Sources */,
				EA25635B287A852900DBF4B8 /* Frameworks */,
				EA25635C287A852900DBF4B8 /* Resources */,
			);
			buildRules = (
			);
			dependencies = (
			);
			name = "Standford Card Game";
			productName = "Standford Card Game";
			productReference = EA25635E287A852900DBF4B8 /* Standford Card Game.app */;
			productType = "com.apple.product-type.application";
		};
		EA25636D287A852A00DBF4B8 /* Standford Card GameTests */ = {
			isa = PBXNativeTarget;
			buildConfigurationList = EA256385287A852A00DBF4B8 /* Build configuration list for PBXNativeTarget "Standford Card GameTests" */;
			buildPhases = (
				EA25636A287A852A00DBF4B8 /* Sources */,
				EA25636B287A852A00DBF4B8 /* Frameworks */,
				EA25636C287A852A00DBF4B8 /* Resources */,
			);
			buildRules = (
			);
			dependencies = (
				EA256370287A852A00DBF4B8 /* PBXTargetDependency */,
			);
			name = "Standford Card GameTests";
			productName = "Standford Card GameTests";
			productReference = EA25636E287A852A00DBF4B8 /* Standford Card GameTests.xctest */;
			productType = "com.apple.product-type.bundle.unit-test";
		};
		EA256377287A852A00DBF4B8 /* Standford Card GameUITests */ = {
			isa = PBXNativeTarget;
			buildConfigurationList = EA256388287A852A00DBF4B8 /* Build configuration list for PBXNativeTarget "Standford Card GameUITests" */;
			buildPhases = (
				EA256374287A852A00DBF4B8 /* Sources */,
				EA256375287A852A00DBF4B8 /* Frameworks */,
				EA256376287A852A00DBF4B8 /* Resources */,
			);
			buildRules = (
			);
			dependencies = (
				EA25637A287A852A00DBF4B8 /* PBXTargetDependency */,
			);
			name = "Standford Card GameUITests";
			productName = "Standford Card GameUITests";
			productReference = EA256378287A852A00DBF4B8 /* Standford Card GameUITests.xctest */;
			productType = "com.apple.product-type.bundle.ui-testing";
		};
/* End PBXNativeTarget section */

/* Begin PBXProject section */
		EA256356287A852900DBF4B8 /* Project object */ = {
			isa = PBXProject;
			attributes = {
				BuildIndependentTargetsInParallel = 1;
				LastSwiftUpdateCheck = 1340;
				LastUpgradeCheck = 1340;
				TargetAttributes = {
					EA25635D287A852900DBF4B8 = {
						CreatedOnToolsVersion = 13.4.1;
					};
					EA25636D287A852A00DBF4B8 = {
						CreatedOnToolsVersion = 13.4.1;
						TestTargetID = EA25635D287A852900DBF4B8;
					};
					EA256377287A852A00DBF4B8 = {
						CreatedOnToolsVersion = 13.4.1;
						TestTargetID = EA25635D287A852900DBF4B8;
					};
				};
			};
			buildConfigurationList = EA256359287A852900DBF4B8 /* Build configuration list for PBXProject "Standford Card Game" */;
			compatibilityVersion = "Xcode 13.0";
			developmentRegion = en;
			hasScannedForEncodings = 0;
			knownRegions = (
				en,
				Base,
			);
			mainGroup = EA256355287A852900DBF4B8;
			productRefGroup = EA25635F287A852900DBF4B8 /* Products */;
			projectDirPath = "";
			projectRoot = "";
			targets = (
				EA25635D287A852900DBF4B8 /* Standford Card Game */,
				EA25636D287A852A00DBF4B8 /* Standford Card GameTests */,
				EA256377287A852A00DBF4B8 /* Standford Card GameUITests */,
			);
		};
/* End PBXProject section */

/* Begin PBXResourcesBuildPhase section */
		EA25635C287A852900DBF4B8 /* Resources */ = {
			isa = PBXResourcesBuildPhase;
			buildActionMask = 2147483647;
			files = (
				EA256369287A852A00DBF4B8 /* Preview Assets.xcassets in Resources */,
				EA256366287A852A00DBF4B8 /* Assets.xcassets in Resources */,
			);
			runOnlyForDeploymentPostprocessing = 0;
		};
		EA25636C287A852A00DBF4B8 /* Resources */ = {
			isa = PBXResourcesBuildPhase;
			buildActionMask = 2147483647;
			files = (
			);
			runOnlyForDeploymentPostprocessing = 0;
		};
		EA256376287A852A00DBF4B8 /* Resources */ = {
			isa = PBXResourcesBuildPhase;
			buildActionMask = 2147483647;
			files = (
			);
			runOnlyForDeploymentPostprocessing = 0;
		};
/* End PBXResourcesBuildPhase section */

/* Begin PBXSourcesBuildPhase section */
		EA25635A287A852900DBF4B8 /* Sources */ = {
			isa = PBXSourcesBuildPhase;
			buildActionMask = 2147483647;
			files = (
				EA30BB45287C52DD00F9A5BF /* MemoryGame.swift in Sources */,
				EA256364287A852900DBF4B8 /* ContentView.swift in Sources */,
				EA256362287A852900DBF4B8 /* Standford_Card_GameApp.swift in Sources */,
				EA30BB47287C540800F9A5BF /* EmojiMemoryGame.swift in Sources */,
			);
			runOnlyForDeploymentPostprocessing = 0;
		};
		EA25636A287A852A00DBF4B8 /* Sources */ = {
			isa = PBXSourcesBuildPhase;
			buildActionMask = 2147483647;
			files = (
				EA256373287A852A00DBF4B8 /* Standford_Card_GameTests.swift in Sources */,
			);
			runOnlyForDeploymentPostprocessing = 0;
		};
		EA256374287A852A00DBF4B8 /* Sources */ = {
			isa = PBXSourcesBuildPhase;
			buildActionMask = 2147483647;
			files = (
				EA25637F287A852A00DBF4B8 /* Standford_Card_GameUITestsLaunchTests.swift in Sources */,
				EA25637D287A852A00DBF4B8 /* Standford_Card_GameUITests.swift in Sources */,
			);
			runOnlyForDeploymentPostprocessing = 0;
		};
/* End PBXSourcesBuildPhase section */

/* Begin PBXTargetDependency section */
		EA256370287A852A00DBF4B8 /* PBXTargetDependency */ = {
			isa = PBXTargetDependency;
			target = EA25635D287A852900DBF4B8 /* Standford Card Game */;
			targetProxy = EA25636F287A852A00DBF4B8 /* PBXContainerItemProxy */;
		};
		EA25637A287A852A00DBF4B8 /* PBXTargetDependency */ = {
			isa = PBXTargetDependency;
			target = EA25635D287A852900DBF4B8 /* Standford Card Game */;
			targetProxy = EA256379287A852A00DBF4B8 /* PBXContainerItemProxy */;
		};
/* End PBXTargetDependency section */

/* Begin XCBuildConfiguration section */
		EA256380287A852A00DBF4B8 /* Debug */ = {
			isa = XCBuildConfiguration;
			buildSettings = {
				ALWAYS_SEARCH_USER_PATHS = NO;
				CLANG_ANALYZER_NONNULL = YES;
				CLANG_ANALYZER_NUMBER_OBJECT_CONVERSION = YES_AGGRESSIVE;
				CLANG_CXX_LANGUAGE_STANDARD = "gnu++17";
				CLANG_ENABLE_MODULES = YES;
				CLANG_ENABLE_OBJC_ARC = YES;
				CLANG_ENABLE_OBJC_WEAK = YES;
				CLANG_WARN_BLOCK_CAPTURE_AUTORELEASING = YES;
				CLANG_WARN_BOOL_CONVERSION = YES;
				CLANG_WARN_COMMA = YES;
				CLANG_WARN_CONSTANT_CONVERSION = YES;
				CLANG_WARN_DEPRECATED_OBJC_IMPLEMENTATIONS = YES;
				CLANG_WARN_DIRECT_OBJC_ISA_USAGE = YES_ERROR;
				CLANG_WARN_DOCUMENTATION_COMMENTS = YES;
				CLANG_WARN_EMPTY_BODY = YES;
				CLANG_WARN_ENUM_CONVERSION = YES;
				CLANG_WARN_INFINITE_RECURSION = YES;
				CLANG_WARN_INT_CONVERSION = YES;
				CLANG_WARN_NON_LITERAL_NULL_CONVERSION = YES;
				CLANG_WARN_OBJC_IMPLICIT_RETAIN_SELF = YES;
				CLANG_WARN_OBJC_LITERAL_CONVERSION = YES;
				CLANG_WARN_OBJC_ROOT_CLASS = YES_ERROR;
				CLANG_WARN_QUOTED_INCLUDE_IN_FRAMEWORK_HEADER = YES;
				CLANG_WARN_RANGE_LOOP_ANALYSIS = YES;
				CLANG_WARN_STRICT_PROTOTYPES = YES;
				CLANG_WARN_SUSPICIOUS_MOVE = YES;
				CLANG_WARN_UNGUARDED_AVAILABILITY = YES_AGGRESSIVE;
				CLANG_WARN_UNREACHABLE_CODE = YES;
				CLANG_WARN__DUPLICATE_METHOD_MATCH = YES;
				COPY_PHASE_STRIP = NO;
				DEBUG_INFORMATION_FORMAT = dwarf;
				ENABLE_STRICT_OBJC_MSGSEND = YES;
				ENABLE_TESTABILITY = YES;
				GCC_C_LANGUAGE_STANDARD = gnu11;
				GCC_DYNAMIC_NO_PIC = NO;
				GCC_NO_COMMON_BLOCKS = YES;
				GCC_OPTIMIZATION_LEVEL = 0;
				GCC_PREPROCESSOR_DEFINITIONS = (
					"DEBUG=1",
					"$(inherited)",
				);
				GCC_WARN_64_TO_32_BIT_CONVERSION = YES;
				GCC_WARN_ABOUT_RETURN_TYPE = YES_ERROR;
				GCC_WARN_UNDECLARED_SELECTOR = YES;
				GCC_WARN_UNINITIALIZED_AUTOS = YES_AGGRESSIVE;
				GCC_WARN_UNUSED_FUNCTION = YES;
				GCC_WARN_UNUSED_VARIABLE = YES;
				IPHONEOS_DEPLOYMENT_TARGET = 15.5;
				MTL_ENABLE_DEBUG_INFO = INCLUDE_SOURCE;
				MTL_FAST_MATH = YES;
				ONLY_ACTIVE_ARCH = YES;
				SDKROOT = iphoneos;
				SWIFT_ACTIVE_COMPILATION_CONDITIONS = DEBUG;
				SWIFT_OPTIMIZATION_LEVEL = "-Onone";
			};
			name = Debug;
		};
		EA256381287A852A00DBF4B8 /* Release */ = {
			isa = XCBuildConfiguration;
			buildSettings = {
				ALWAYS_SEARCH_USER_PATHS = NO;
				CLANG_ANALYZER_NONNULL = YES;
				CLANG_ANALYZER_NUMBER_OBJECT_CONVERSION = YES_AGGRESSIVE;
				CLANG_CXX_LANGUAGE_STANDARD = "gnu++17";
				CLANG_ENABLE_MODULES = YES;
				CLANG_ENABLE_OBJC_ARC = YES;
				CLANG_ENABLE_OBJC_WEAK = YES;
				CLANG_WARN_BLOCK_CAPTURE_AUTORELEASING = YES;
				CLANG_WARN_BOOL_CONVERSION = YES;
				CLANG_WARN_COMMA = YES;
				CLANG_WARN_CONSTANT_CONVERSION = YES;
				CLANG_WARN_DEPRECATED_OBJC_IMPLEMENTATIONS = YES;
				CLANG_WARN_DIRECT_OBJC_ISA_USAGE = YES_ERROR;
				CLANG_WARN_DOCUMENTATION_COMMENTS = YES;
				CLANG_WARN_EMPTY_BODY = YES;
				CLANG_WARN_ENUM_CONVERSION = YES;
				CLANG_WARN_INFINITE_RECURSION = YES;
				CLANG_WARN_INT_CONVERSION = YES;
				CLANG_WARN_NON_LITERAL_NULL_CONVERSION = YES;
				CLANG_WARN_OBJC_IMPLICIT_RETAIN_SELF = YES;
				CLANG_WARN_OBJC_LITERAL_CONVERSION = YES;
				CLANG_WARN_OBJC_ROOT_CLASS = YES_ERROR;
				CLANG_WARN_QUOTED_INCLUDE_IN_FRAMEWORK_HEADER = YES;
				CLANG_WARN_RANGE_LOOP_ANALYSIS = YES;
				CLANG_WARN_STRICT_PROTOTYPES = YES;
				CLANG_WARN_SUSPICIOUS_MOVE = YES;
				CLANG_WARN_UNGUARDED_AVAILABILITY = YES_AGGRESSIVE;
				CLANG_WARN_UNREACHABLE_CODE = YES;
				CLANG_WARN__DUPLICATE_METHOD_MATCH = YES;
				COPY_PHASE_STRIP = NO;
				DEBUG_INFORMATION_FORMAT = "dwarf-with-dsym";
				ENABLE_NS_ASSERTIONS = NO;
				ENABLE_STRICT_OBJC_MSGSEND = YES;
				GCC_C_LANGUAGE_STANDARD = gnu11;
				GCC_NO_COMMON_BLOCKS = YES;
				GCC_WARN_64_TO_32_BIT_CONVERSION = YES;
				GCC_WARN_ABOUT_RETURN_TYPE = YES_ERROR;
				GCC_WARN_UNDECLARED_SELECTOR = YES;
				GCC_WARN_UNINITIALIZED_AUTOS = YES_AGGRESSIVE;
				GCC_WARN_UNUSED_FUNCTION = YES;
				GCC_WARN_UNUSED_VARIABLE = YES;
				IPHONEOS_DEPLOYMENT_TARGET = 15.5;
				MTL_ENABLE_DEBUG_INFO = NO;
				MTL_FAST_MATH = YES;
				SDKROOT = iphoneos;
				SWIFT_COMPILATION_MODE = wholemodule;
				SWIFT_OPTIMIZATION_LEVEL = "-O";
				VALIDATE_PRODUCT = YES;
			};
			name = Release;
		};
		EA256383287A852A00DBF4B8 /* Debug */ = {
			isa = XCBuildConfiguration;
			buildSettings = {
				ASSETCATALOG_COMPILER_APPICON_NAME = AppIcon;
				ASSETCATALOG_COMPILER_GLOBAL_ACCENT_COLOR_NAME = AccentColor;
				CODE_SIGN_STYLE = Automatic;
				CURRENT_PROJECT_VERSION = 1;
				DEVELOPMENT_ASSET_PATHS = "\"Standford Card Game/Preview Content\"";
				ENABLE_PREVIEWS = YES;
				GENERATE_INFOPLIST_FILE = YES;
				INFOPLIST_KEY_UIApplicationSceneManifest_Generation = YES;
				INFOPLIST_KEY_UIApplicationSupportsIndirectInputEvents = YES;
				INFOPLIST_KEY_UILaunchScreen_Generation = YES;
				INFOPLIST_KEY_UISupportedInterfaceOrientations_iPad = "UIInterfaceOrientationPortrait UIInterfaceOrientationPortraitUpsideDown UIInterfaceOrientationLandscapeLeft UIInterfaceOrientationLandscapeRight";
				INFOPLIST_KEY_UISupportedInterfaceOrientations_iPhone = "UIInterfaceOrientationPortrait UIInterfaceOrientationLandscapeLeft UIInterfaceOrientationLandscapeRight";
				LD_RUNPATH_SEARCH_PATHS = (
					"$(inherited)",
					"@executable_path/Frameworks",
				);
				MARKETING_VERSION = 1.0;
				PRODUCT_BUNDLE_IDENTIFIER = "com.karlkuhn.co.Standford-Card-Game";
				PRODUCT_NAME = "$(TARGET_NAME)";
				SWIFT_EMIT_LOC_STRINGS = YES;
				SWIFT_VERSION = 5.0;
				TARGETED_DEVICE_FAMILY = "1,2";
			};
			name = Debug;
		};
		EA256384287A852A00DBF4B8 /* Release */ = {
			isa = XCBuildConfiguration;
			buildSettings = {
				ASSETCATALOG_COMPILER_APPICON_NAME = AppIcon;
				ASSETCATALOG_COMPILER_GLOBAL_ACCENT_COLOR_NAME = AccentColor;
				CODE_SIGN_STYLE = Automatic;
				CURRENT_PROJECT_VERSION = 1;
				DEVELOPMENT_ASSET_PATHS = "\"Standford Card Game/Preview Content\"";
				ENABLE_PREVIEWS = YES;
				GENERATE_INFOPLIST_FILE = YES;
				INFOPLIST_KEY_UIApplicationSceneManifest_Generation = YES;
				INFOPLIST_KEY_UIApplicationSupportsIndirectInputEvents = YES;
				INFOPLIST_KEY_UILaunchScreen_Generation = YES;
				INFOPLIST_KEY_UISupportedInterfaceOrientations_iPad = "UIInterfaceOrientationPortrait UIInterfaceOrientationPortraitUpsideDown UIInterfaceOrientationLandscapeLeft UIInterfaceOrientationLandscapeRight";
				INFOPLIST_KEY_UISupportedInterfaceOrientations_iPhone = "UIInterfaceOrientationPortrait UIInterfaceOrientationLandscapeLeft UIInterfaceOrientationLandscapeRight";
				LD_RUNPATH_SEARCH_PATHS = (
					"$(inherited)",
					"@executable_path/Frameworks",
				);
				MARKETING_VERSION = 1.0;
				PRODUCT_BUNDLE_IDENTIFIER = "com.karlkuhn.co.Standford-Card-Game";
				PRODUCT_NAME = "$(TARGET_NAME)";
				SWIFT_EMIT_LOC_STRINGS = YES;
				SWIFT_VERSION = 5.0;
				TARGETED_DEVICE_FAMILY = "1,2";
			};
			name = Release;
		};
		EA256386287A852A00DBF4B8 /* Debug */ = {
			isa = XCBuildConfiguration;
			buildSettings = {
				ALWAYS_EMBED_SWIFT_STANDARD_LIBRARIES = YES;
				BUNDLE_LOADER = "$(TEST_HOST)";
				CODE_SIGN_STYLE = Automatic;
				CURRENT_PROJECT_VERSION = 1;
				GENERATE_INFOPLIST_FILE = YES;
				IPHONEOS_DEPLOYMENT_TARGET = 15.5;
				MARKETING_VERSION = 1.0;
				PRODUCT_BUNDLE_IDENTIFIER = "com.karlkuhn.co.Standford-Card-GameTests";
				PRODUCT_NAME = "$(TARGET_NAME)";
				SWIFT_EMIT_LOC_STRINGS = NO;
				SWIFT_VERSION = 5.0;
				TARGETED_DEVICE_FAMILY = "1,2";
				TEST_HOST = "$(BUILT_PRODUCTS_DIR)/Standford Card Game.app/Standford Card Game";
			};
			name = Debug;
		};
		EA256387287A852A00DBF4B8 /* Release */ = {
			isa = XCBuildConfiguration;
			buildSettings = {
				ALWAYS_EMBED_SWIFT_STANDARD_LIBRARIES = YES;
				BUNDLE_LOADER = "$(TEST_HOST)";
				CODE_SIGN_STYLE = Automatic;
				CURRENT_PROJECT_VERSION = 1;
				GENERATE_INFOPLIST_FILE = YES;
				IPHONEOS_DEPLOYMENT_TARGET = 15.5;
				MARKETING_VERSION = 1.0;
				PRODUCT_BUNDLE_IDENTIFIER = "com.karlkuhn.co.Standford-Card-GameTests";
				PRODUCT_NAME = "$(TARGET_NAME)";
				SWIFT_EMIT_LOC_STRINGS = NO;
				SWIFT_VERSION = 5.0;
				TARGETED_DEVICE_FAMILY = "1,2";
				TEST_HOST = "$(BUILT_PRODUCTS_DIR)/Standford Card Game.app/Standford Card Game";
			};
			name = Release;
		};
		EA256389287A852A00DBF4B8 /* Debug */ = {
			isa = XCBuildConfiguration;
			buildSettings = {
				ALWAYS_EMBED_SWIFT_STANDARD_LIBRARIES = YES;
				CODE_SIGN_STYLE = Automatic;
				CURRENT_PROJECT_VERSION = 1;
				GENERATE_INFOPLIST_FILE = YES;
				MARKETING_VERSION = 1.0;
				PRODUCT_BUNDLE_IDENTIFIER = "com.karlkuhn.co.Standford-Card-GameUITests";
				PRODUCT_NAME = "$(TARGET_NAME)";
				SWIFT_EMIT_LOC_STRINGS = NO;
				SWIFT_VERSION = 5.0;
				TARGETED_DEVICE_FAMILY = "1,2";
				TEST_TARGET_NAME = "Standford Card Game";
			};
			name = Debug;
		};
		EA25638A287A852A00DBF4B8 /* Release */ = {
			isa = XCBuildConfiguration;
			buildSettings = {
				ALWAYS_EMBED_SWIFT_STANDARD_LIBRARIES = YES;
				CODE_SIGN_STYLE = Automatic;
				CURRENT_PROJECT_VERSION = 1;
				GENERATE_INFOPLIST_FILE = YES;
				MARKETING_VERSION = 1.0;
				PRODUCT_BUNDLE_IDENTIFIER = "com.karlkuhn.co.Standford-Card-GameUITests";
				PRODUCT_NAME = "$(TARGET_NAME)";
				SWIFT_EMIT_LOC_STRINGS = NO;
				SWIFT_VERSION = 5.0;
				TARGETED_DEVICE_FAMILY = "1,2";
				TEST_TARGET_NAME = "Standford Card Game";
			};
			name = Release;
		};
/* End XCBuildConfiguration section */

/* Begin XCConfigurationList section */
		EA256359287A852900DBF4B8 /* Build configuration list for PBXProject "Standford Card Game" */ = {
			isa = XCConfigurationList;
			buildConfigurations = (
				EA256380287A852A00DBF4B8 /* Debug */,
				EA256381287A852A00DBF4B8 /* Release */,
			);
			defaultConfigurationIsVisible = 0;
			defaultConfigurationName = Release;
		};
		EA256382287A852A00DBF4B8 /* Build configuration list for PBXNativeTarget "Standford Card Game" */ = {
			isa = XCConfigurationList;
			buildConfigurations = (
				EA256383287A852A00DBF4B8 /* Debug */,
				EA256384287A852A00DBF4B8 /* Release */,
			);
			defaultConfigurationIsVisible = 0;
			defaultConfigurationName = Release;
		};
		EA256385287A852A00DBF4B8 /* Build configuration list for PBXNativeTarget "Standford Card GameTests" */ = {
			isa = XCConfigurationList;
			buildConfigurations = (
				EA256386287A852A00DBF4B8 /* Debug */,
				EA256387287A852A00DBF4B8 /* Release */,
			);
			defaultConfigurationIsVisible = 0;
			defaultConfigurationName = Release;
		};
		EA256388287A852A00DBF4B8 /* Build configuration list for PBXNativeTarget "Standford Card GameUITests" */ = {
			isa = XCConfigurationList;
			buildConfigurations = (
				EA256389287A852A00DBF4B8 /* Debug */,
				EA25638A287A852A00DBF4B8 /* Release */,
			);
			defaultConfigurationIsVisible = 0;
			defaultConfigurationName = Release;
		};
/* End XCConfigurationList section */
	};
	rootObject = EA256356287A852900DBF4B8 /* Project object */;
}
